// !$*UTF8*$!
{
	archiveVersion = 1;
	classes = {
	};
	objectVersion = 55;
	objects = {

/* Begin PBXBuildFile section */
		73C06AC6B2D7CE533D000C89 /* Pods_A1.framework in Frameworks */ = {isa = PBXBuildFile; fileRef = 804BED003C11DEFB64E7D7B5 /* Pods_A1.framework */; };
		83769080D94B704E4E6CA727 /* Pods_A1_A1UITests.framework in Frameworks */ = {isa = PBXBuildFile; fileRef = E013F7843C45AFA1DF26853E /* Pods_A1_A1UITests.framework */; };
		9B043322A01EB429774A2B82 /* Pods_A1Tests.framework in Frameworks */ = {isa = PBXBuildFile; fileRef = 1CF418D075D36C1155666C95 /* Pods_A1Tests.framework */; };
		B6A250AE27C876FB00BBAF2B /* AppDelegate.swift in Sources */ = {isa = PBXBuildFile; fileRef = B6A250AD27C876FB00BBAF2B /* AppDelegate.swift */; };
		B6A250B027C876FB00BBAF2B /* SceneDelegate.swift in Sources */ = {isa = PBXBuildFile; fileRef = B6A250AF27C876FB00BBAF2B /* SceneDelegate.swift */; };
		B6A250B227C876FB00BBAF2B /* MoviesViewController.swift in Sources */ = {isa = PBXBuildFile; fileRef = B6A250B127C876FB00BBAF2B /* MoviesViewController.swift */; };
		B6A250B527C876FB00BBAF2B /* Main.storyboard in Resources */ = {isa = PBXBuildFile; fileRef = B6A250B327C876FB00BBAF2B /* Main.storyboard */; };
		B6A250B727C876FE00BBAF2B /* Assets.xcassets in Resources */ = {isa = PBXBuildFile; fileRef = B6A250B627C876FE00BBAF2B /* Assets.xcassets */; };
		B6A250BA27C876FE00BBAF2B /* LaunchScreen.storyboard in Resources */ = {isa = PBXBuildFile; fileRef = B6A250B827C876FE00BBAF2B /* LaunchScreen.storyboard */; };
		B6A250C527C876FE00BBAF2B /* A1Tests.swift in Sources */ = {isa = PBXBuildFile; fileRef = B6A250C427C876FE00BBAF2B /* A1Tests.swift */; };
		B6A250CF27C876FE00BBAF2B /* A1UITests.swift in Sources */ = {isa = PBXBuildFile; fileRef = B6A250CE27C876FE00BBAF2B /* A1UITests.swift */; };
		B6A250D127C876FE00BBAF2B /* A1UITestsLaunchTests.swift in Sources */ = {isa = PBXBuildFile; fileRef = B6A250D027C876FE00BBAF2B /* A1UITestsLaunchTests.swift */; };
		B6A250DE27C881F600BBAF2B /* MovieCell.swift in Sources */ = {isa = PBXBuildFile; fileRef = B6A250DD27C881F600BBAF2B /* MovieCell.swift */; };
/* End PBXBuildFile section */

/* Begin PBXContainerItemProxy section */
		B6A250C127C876FE00BBAF2B /* PBXContainerItemProxy */ = {
			isa = PBXContainerItemProxy;
			containerPortal = B6A250A227C876FB00BBAF2B /* Project object */;
			proxyType = 1;
			remoteGlobalIDString = B6A250A927C876FB00BBAF2B;
			remoteInfo = A1;
		};
		B6A250CB27C876FE00BBAF2B /* PBXContainerItemProxy */ = {
			isa = PBXContainerItemProxy;
			containerPortal = B6A250A227C876FB00BBAF2B /* Project object */;
			proxyType = 1;
			remoteGlobalIDString = B6A250A927C876FB00BBAF2B;
			remoteInfo = A1;
		};
/* End PBXContainerItemProxy section */

/* Begin PBXFileReference section */
		1CF418D075D36C1155666C95 /* Pods_A1Tests.framework */ = {isa = PBXFileReference; explicitFileType = wrapper.framework; includeInIndex = 0; path = Pods_A1Tests.framework; sourceTree = BUILT_PRODUCTS_DIR; };
		3CC478B4ADE7E15DF394B8C7 /* Pods-A1Tests.release.xcconfig */ = {isa = PBXFileReference; includeInIndex = 1; lastKnownFileType = text.xcconfig; name = "Pods-A1Tests.release.xcconfig"; path = "Target Support Files/Pods-A1Tests/Pods-A1Tests.release.xcconfig"; sourceTree = "<group>"; };
		3DE1E25D6FAED70C738D4CE9 /* Pods-A1Tests.debug.xcconfig */ = {isa = PBXFileReference; includeInIndex = 1; lastKnownFileType = text.xcconfig; name = "Pods-A1Tests.debug.xcconfig"; path = "Target Support Files/Pods-A1Tests/Pods-A1Tests.debug.xcconfig"; sourceTree = "<group>"; };
		40E85A1F39A680AF5187BD5D /* Pods-A1-A1UITests.debug.xcconfig */ = {isa = PBXFileReference; includeInIndex = 1; lastKnownFileType = text.xcconfig; name = "Pods-A1-A1UITests.debug.xcconfig"; path = "Target Support Files/Pods-A1-A1UITests/Pods-A1-A1UITests.debug.xcconfig"; sourceTree = "<group>"; };
		804BED003C11DEFB64E7D7B5 /* Pods_A1.framework */ = {isa = PBXFileReference; explicitFileType = wrapper.framework; includeInIndex = 0; path = Pods_A1.framework; sourceTree = BUILT_PRODUCTS_DIR; };
		A3935C73F9234862891BF1B6 /* Pods-A1.debug.xcconfig */ = {isa = PBXFileReference; includeInIndex = 1; lastKnownFileType = text.xcconfig; name = "Pods-A1.debug.xcconfig"; path = "Target Support Files/Pods-A1/Pods-A1.debug.xcconfig"; sourceTree = "<group>"; };
		B6A250AA27C876FB00BBAF2B /* A1.app */ = {isa = PBXFileReference; explicitFileType = wrapper.application; includeInIndex = 0; path = A1.app; sourceTree = BUILT_PRODUCTS_DIR; };
		B6A250AD27C876FB00BBAF2B /* AppDelegate.swift */ = {isa = PBXFileReference; lastKnownFileType = sourcecode.swift; path = AppDelegate.swift; sourceTree = "<group>"; };
		B6A250AF27C876FB00BBAF2B /* SceneDelegate.swift */ = {isa = PBXFileReference; lastKnownFileType = sourcecode.swift; path = SceneDelegate.swift; sourceTree = "<group>"; };
		B6A250B127C876FB00BBAF2B /* MoviesViewController.swift */ = {isa = PBXFileReference; lastKnownFileType = sourcecode.swift; path = MoviesViewController.swift; sourceTree = "<group>"; };
		B6A250B427C876FB00BBAF2B /* Base */ = {isa = PBXFileReference; lastKnownFileType = file.storyboard; name = Base; path = Base.lproj/Main.storyboard; sourceTree = "<group>"; };
		B6A250B627C876FE00BBAF2B /* Assets.xcassets */ = {isa = PBXFileReference; lastKnownFileType = folder.assetcatalog; path = Assets.xcassets; sourceTree = "<group>"; };
		B6A250B927C876FE00BBAF2B /* Base */ = {isa = PBXFileReference; lastKnownFileType = file.storyboard; name = Base; path = Base.lproj/LaunchScreen.storyboard; sourceTree = "<group>"; };
		B6A250BB27C876FE00BBAF2B /* Info.plist */ = {isa = PBXFileReference; lastKnownFileType = text.plist.xml; path = Info.plist; sourceTree = "<group>"; };
		B6A250C027C876FE00BBAF2B /* A1Tests.xctest */ = {isa = PBXFileReference; explicitFileType = wrapper.cfbundle; includeInIndex = 0; path = A1Tests.xctest; sourceTree = BUILT_PRODUCTS_DIR; };
		B6A250C427C876FE00BBAF2B /* A1Tests.swift */ = {isa = PBXFileReference; lastKnownFileType = sourcecode.swift; path = A1Tests.swift; sourceTree = "<group>"; };
		B6A250CA27C876FE00BBAF2B /* A1UITests.xctest */ = {isa = PBXFileReference; explicitFileType = wrapper.cfbundle; includeInIndex = 0; path = A1UITests.xctest; sourceTree = BUILT_PRODUCTS_DIR; };
		B6A250CE27C876FE00BBAF2B /* A1UITests.swift */ = {isa = PBXFileReference; lastKnownFileType = sourcecode.swift; path = A1UITests.swift; sourceTree = "<group>"; };
		B6A250D027C876FE00BBAF2B /* A1UITestsLaunchTests.swift */ = {isa = PBXFileReference; lastKnownFileType = sourcecode.swift; path = A1UITestsLaunchTests.swift; sourceTree = "<group>"; };
		B6A250DD27C881F600BBAF2B /* MovieCell.swift */ = {isa = PBXFileReference; lastKnownFileType = sourcecode.swift; path = MovieCell.swift; sourceTree = "<group>"; };
		DF269F43CE5EB32256F3F17D /* Pods-A1.release.xcconfig */ = {isa = PBXFileReference; includeInIndex = 1; lastKnownFileType = text.xcconfig; name = "Pods-A1.release.xcconfig"; path = "Target Support Files/Pods-A1/Pods-A1.release.xcconfig"; sourceTree = "<group>"; };
		E013F7843C45AFA1DF26853E /* Pods_A1_A1UITests.framework */ = {isa = PBXFileReference; explicitFileType = wrapper.framework; includeInIndex = 0; path = Pods_A1_A1UITests.framework; sourceTree = BUILT_PRODUCTS_DIR; };
		FE3118B87DE01FC7202D6E01 /* Pods-A1-A1UITests.release.xcconfig */ = {isa = PBXFileReference; includeInIndex = 1; lastKnownFileType = text.xcconfig; name = "Pods-A1-A1UITests.release.xcconfig"; path = "Target Support Files/Pods-A1-A1UITests/Pods-A1-A1UITests.release.xcconfig"; sourceTree = "<group>"; };
/* End PBXFileReference section */

/* Begin PBXFrameworksBuildPhase section */
		B6A250A727C876FB00BBAF2B /* Frameworks */ = {
			isa = PBXFrameworksBuildPhase;
			buildActionMask = 2147483647;
			files = (
				73C06AC6B2D7CE533D000C89 /* Pods_A1.framework in Frameworks */,
			);
			runOnlyForDeploymentPostprocessing = 0;
		};
		B6A250BD27C876FE00BBAF2B /* Frameworks */ = {
			isa = PBXFrameworksBuildPhase;
			buildActionMask = 2147483647;
			files = (
				9B043322A01EB429774A2B82 /* Pods_A1Tests.framework in Frameworks */,
			);
			runOnlyForDeploymentPostprocessing = 0;
		};
		B6A250C727C876FE00BBAF2B /* Frameworks */ = {
			isa = PBXFrameworksBuildPhase;
			buildActionMask = 2147483647;
			files = (
				83769080D94B704E4E6CA727 /* Pods_A1_A1UITests.framework in Frameworks */,
			);
			runOnlyForDeploymentPostprocessing = 0;
		};
/* End PBXFrameworksBuildPhase section */

/* Begin PBXGroup section */
		04FFFFC5F91E5E97F1BC3C6E /* Pods */ = {
			isa = PBXGroup;
			children = (
				A3935C73F9234862891BF1B6 /* Pods-A1.debug.xcconfig */,
				DF269F43CE5EB32256F3F17D /* Pods-A1.release.xcconfig */,
				40E85A1F39A680AF5187BD5D /* Pods-A1-A1UITests.debug.xcconfig */,
				FE3118B87DE01FC7202D6E01 /* Pods-A1-A1UITests.release.xcconfig */,
				3DE1E25D6FAED70C738D4CE9 /* Pods-A1Tests.debug.xcconfig */,
				3CC478B4ADE7E15DF394B8C7 /* Pods-A1Tests.release.xcconfig */,
			);
			name = Pods;
			path = Pods;
			sourceTree = "<group>";
		};
		120F20E74FF80F14DBBC5652 /* Frameworks */ = {
			isa = PBXGroup;
			children = (
				804BED003C11DEFB64E7D7B5 /* Pods_A1.framework */,
				E013F7843C45AFA1DF26853E /* Pods_A1_A1UITests.framework */,
				1CF418D075D36C1155666C95 /* Pods_A1Tests.framework */,
			);
			name = Frameworks;
			sourceTree = "<group>";
		};
		B6A250A127C876FB00BBAF2B = {
			isa = PBXGroup;
			children = (
				B6A250AC27C876FB00BBAF2B /* A1 */,
				B6A250C327C876FE00BBAF2B /* A1Tests */,
				B6A250CD27C876FE00BBAF2B /* A1UITests */,
				B6A250AB27C876FB00BBAF2B /* Products */,
				04FFFFC5F91E5E97F1BC3C6E /* Pods */,
				120F20E74FF80F14DBBC5652 /* Frameworks */,
			);
			sourceTree = "<group>";
		};
		B6A250AB27C876FB00BBAF2B /* Products */ = {
			isa = PBXGroup;
			children = (
				B6A250AA27C876FB00BBAF2B /* A1.app */,
				B6A250C027C876FE00BBAF2B /* A1Tests.xctest */,
				B6A250CA27C876FE00BBAF2B /* A1UITests.xctest */,
			);
			name = Products;
			sourceTree = "<group>";
		};
		B6A250AC27C876FB00BBAF2B /* A1 */ = {
			isa = PBXGroup;
			children = (
				B6A250AD27C876FB00BBAF2B /* AppDelegate.swift */,
				B6A250AF27C876FB00BBAF2B /* SceneDelegate.swift */,
				B6A250B127C876FB00BBAF2B /* MoviesViewController.swift */,
				B6A250B327C876FB00BBAF2B /* Main.storyboard */,
				B6A250DD27C881F600BBAF2B /* MovieCell.swift */,
				B6A250B627C876FE00BBAF2B /* Assets.xcassets */,
				B6A250B827C876FE00BBAF2B /* LaunchScreen.storyboard */,
				B6A250BB27C876FE00BBAF2B /* Info.plist */,
			);
			path = A1;
			sourceTree = "<group>";
		};
		B6A250C327C876FE00BBAF2B /* A1Tests */ = {
			isa = PBXGroup;
			children = (
				B6A250C427C876FE00BBAF2B /* A1Tests.swift */,
			);
			path = A1Tests;
			sourceTree = "<group>";
		};
		B6A250CD27C876FE00BBAF2B /* A1UITests */ = {
			isa = PBXGroup;
			children = (
				B6A250CE27C876FE00BBAF2B /* A1UITests.swift */,
				B6A250D027C876FE00BBAF2B /* A1UITestsLaunchTests.swift */,
			);
			path = A1UITests;
			sourceTree = "<group>";
		};
/* End PBXGroup section */

/* Begin PBXNativeTarget section */
		B6A250A927C876FB00BBAF2B /* A1 */ = {
			isa = PBXNativeTarget;
			buildConfigurationList = B6A250D427C876FE00BBAF2B /* Build configuration list for PBXNativeTarget "A1" */;
			buildPhases = (
				7DDB284E1E37203932298770 /* [CP] Check Pods Manifest.lock */,
				B6A250A627C876FB00BBAF2B /* Sources */,
				B6A250A727C876FB00BBAF2B /* Frameworks */,
				B6A250A827C876FB00BBAF2B /* Resources */,
				A6FFDE4D6B122B33D0C2D6C7 /* [CP] Embed Pods Frameworks */,
			);
			buildRules = (
			);
			dependencies = (
			);
			name = A1;
			productName = A1;
			productReference = B6A250AA27C876FB00BBAF2B /* A1.app */;
			productType = "com.apple.product-type.application";
		};
		B6A250BF27C876FE00BBAF2B /* A1Tests */ = {
			isa = PBXNativeTarget;
			buildConfigurationList = B6A250D727C876FE00BBAF2B /* Build configuration list for PBXNativeTarget "A1Tests" */;
			buildPhases = (
				17E602F8B0BA20A7D46EA9EA /* [CP] Check Pods Manifest.lock */,
				B6A250BC27C876FE00BBAF2B /* Sources */,
				B6A250BD27C876FE00BBAF2B /* Frameworks */,
				B6A250BE27C876FE00BBAF2B /* Resources */,
			);
			buildRules = (
			);
			dependencies = (
				B6A250C227C876FE00BBAF2B /* PBXTargetDependency */,
			);
			name = A1Tests;
			productName = A1Tests;
			productReference = B6A250C027C876FE00BBAF2B /* A1Tests.xctest */;
			productType = "com.apple.product-type.bundle.unit-test";
		};
		B6A250C927C876FE00BBAF2B /* A1UITests */ = {
			isa = PBXNativeTarget;
			buildConfigurationList = B6A250DA27C876FE00BBAF2B /* Build configuration list for PBXNativeTarget "A1UITests" */;
			buildPhases = (
				7F1FD2A394BF80D3FB84EE85 /* [CP] Check Pods Manifest.lock */,
				B6A250C627C876FE00BBAF2B /* Sources */,
				B6A250C727C876FE00BBAF2B /* Frameworks */,
				B6A250C827C876FE00BBAF2B /* Resources */,
				2D864D70C9C31973FEB6FAD7 /* [CP] Embed Pods Frameworks */,
			);
			buildRules = (
			);
			dependencies = (
				B6A250CC27C876FE00BBAF2B /* PBXTargetDependency */,
			);
			name = A1UITests;
			productName = A1UITests;
			productReference = B6A250CA27C876FE00BBAF2B /* A1UITests.xctest */;
			productType = "com.apple.product-type.bundle.ui-testing";
		};
/* End PBXNativeTarget section */

/* Begin PBXProject section */
		B6A250A227C876FB00BBAF2B /* Project object */ = {
			isa = PBXProject;
			attributes = {
				BuildIndependentTargetsInParallel = 1;
				LastSwiftUpdateCheck = 1320;
				LastUpgradeCheck = 1320;
				TargetAttributes = {
					B6A250A927C876FB00BBAF2B = {
						CreatedOnToolsVersion = 13.2.1;
					};
					B6A250BF27C876FE00BBAF2B = {
						CreatedOnToolsVersion = 13.2.1;
						TestTargetID = B6A250A927C876FB00BBAF2B;
					};
					B6A250C927C876FE00BBAF2B = {
						CreatedOnToolsVersion = 13.2.1;
						TestTargetID = B6A250A927C876FB00BBAF2B;
					};
				};
			};
			buildConfigurationList = B6A250A527C876FB00BBAF2B /* Build configuration list for PBXProject "A1" */;
			compatibilityVersion = "Xcode 13.0";
			developmentRegion = en;
			hasScannedForEncodings = 0;
			knownRegions = (
				en,
				Base,
			);
			mainGroup = B6A250A127C876FB00BBAF2B;
			productRefGroup = B6A250AB27C876FB00BBAF2B /* Products */;
			projectDirPath = "";
			projectRoot = "";
			targets = (
				B6A250A927C876FB00BBAF2B /* A1 */,
				B6A250BF27C876FE00BBAF2B /* A1Tests */,
				B6A250C927C876FE00BBAF2B /* A1UITests */,
			);
		};
/* End PBXProject section */

/* Begin PBXResourcesBuildPhase section */
		B6A250A827C876FB00BBAF2B /* Resources */ = {
			isa = PBXResourcesBuildPhase;
			buildActionMask = 2147483647;
			files = (
				B6A250BA27C876FE00BBAF2B /* LaunchScreen.storyboard in Resources */,
				B6A250B727C876FE00BBAF2B /* Assets.xcassets in Resources */,
				B6A250B527C876FB00BBAF2B /* Main.storyboard in Resources */,
			);
			runOnlyForDeploymentPostprocessing = 0;
		};
		B6A250BE27C876FE00BBAF2B /* Resources */ = {
			isa = PBXResourcesBuildPhase;
			buildActionMask = 2147483647;
			files = (
			);
			runOnlyForDeploymentPostprocessing = 0;
		};
		B6A250C827C876FE00BBAF2B /* Resources */ = {
			isa = PBXResourcesBuildPhase;
			buildActionMask = 2147483647;
			files = (
			);
			runOnlyForDeploymentPostprocessing = 0;
		};
/* End PBXResourcesBuildPhase section */

/* Begin PBXShellScriptBuildPhase section */
		17E602F8B0BA20A7D46EA9EA /* [CP] Check Pods Manifest.lock */ = {
			isa = PBXShellScriptBuildPhase;
			buildActionMask = 2147483647;
			files = (
			);
			inputFileListPaths = (
			);
			inputPaths = (
				"${PODS_PODFILE_DIR_PATH}/Podfile.lock",
				"${PODS_ROOT}/Manifest.lock",
			);
			name = "[CP] Check Pods Manifest.lock";
			outputFileListPaths = (
			);
			outputPaths = (
				"$(DERIVED_FILE_DIR)/Pods-A1Tests-checkManifestLockResult.txt",
			);
			runOnlyForDeploymentPostprocessing = 0;
			shellPath = /bin/sh;
			shellScript = "diff \"${PODS_PODFILE_DIR_PATH}/Podfile.lock\" \"${PODS_ROOT}/Manifest.lock\" > /dev/null\nif [ $? != 0 ] ; then\n    # print error to STDERR\n    echo \"error: The sandbox is not in sync with the Podfile.lock. Run 'pod install' or update your CocoaPods installation.\" >&2\n    exit 1\nfi\n# This output is used by Xcode 'outputs' to avoid re-running this script phase.\necho \"SUCCESS\" > \"${SCRIPT_OUTPUT_FILE_0}\"\n";
			showEnvVarsInLog = 0;
		};
		2D864D70C9C31973FEB6FAD7 /* [CP] Embed Pods Frameworks */ = {
			isa = PBXShellScriptBuildPhase;
			buildActionMask = 2147483647;
			files = (
			);
			inputFileListPaths = (
				"${PODS_ROOT}/Target Support Files/Pods-A1-A1UITests/Pods-A1-A1UITests-frameworks-${CONFIGURATION}-input-files.xcfilelist",
			);
			name = "[CP] Embed Pods Frameworks";
			outputFileListPaths = (
				"${PODS_ROOT}/Target Support Files/Pods-A1-A1UITests/Pods-A1-A1UITests-frameworks-${CONFIGURATION}-output-files.xcfilelist",
			);
			runOnlyForDeploymentPostprocessing = 0;
			shellPath = /bin/sh;
			shellScript = "\"${PODS_ROOT}/Target Support Files/Pods-A1-A1UITests/Pods-A1-A1UITests-frameworks.sh\"\n";
			showEnvVarsInLog = 0;
		};
		7DDB284E1E37203932298770 /* [CP] Check Pods Manifest.lock */ = {
			isa = PBXShellScriptBuildPhase;
			buildActionMask = 2147483647;
			files = (
			);
			inputFileListPaths = (
			);
			inputPaths = (
				"${PODS_PODFILE_DIR_PATH}/Podfile.lock",
				"${PODS_ROOT}/Manifest.lock",
			);
			name = "[CP] Check Pods Manifest.lock";
			outputFileListPaths = (
			);
			outputPaths = (
				"$(DERIVED_FILE_DIR)/Pods-A1-checkManifestLockResult.txt",
			);
			runOnlyForDeploymentPostprocessing = 0;
			shellPath = /bin/sh;
			shellScript = "diff \"${PODS_PODFILE_DIR_PATH}/Podfile.lock\" \"${PODS_ROOT}/Manifest.lock\" > /dev/null\nif [ $? != 0 ] ; then\n    # print error to STDERR\n    echo \"error: The sandbox is not in sync with the Podfile.lock. Run 'pod install' or update your CocoaPods installation.\" >&2\n    exit 1\nfi\n# This output is used by Xcode 'outputs' to avoid re-running this script phase.\necho \"SUCCESS\" > \"${SCRIPT_OUTPUT_FILE_0}\"\n";
			showEnvVarsInLog = 0;
		};
		7F1FD2A394BF80D3FB84EE85 /* [CP] Check Pods Manifest.lock */ = {
			isa = PBXShellScriptBuildPhase;
			buildActionMask = 2147483647;
			files = (
			);
			inputFileListPaths = (
			);
			inputPaths = (
				"${PODS_PODFILE_DIR_PATH}/Podfile.lock",
				"${PODS_ROOT}/Manifest.lock",
			);
			name = "[CP] Check Pods Manifest.lock";
			outputFileListPaths = (
			);
			outputPaths = (
				"$(DERIVED_FILE_DIR)/Pods-A1-A1UITests-checkManifestLockResult.txt",
			);
			runOnlyForDeploymentPostprocessing = 0;
			shellPath = /bin/sh;
			shellScript = "diff \"${PODS_PODFILE_DIR_PATH}/Podfile.lock\" \"${PODS_ROOT}/Manifest.lock\" > /dev/null\nif [ $? != 0 ] ; then\n    # print error to STDERR\n    echo \"error: The sandbox is not in sync with the Podfile.lock. Run 'pod install' or update your CocoaPods installation.\" >&2\n    exit 1\nfi\n# This output is used by Xcode 'outputs' to avoid re-running this script phase.\necho \"SUCCESS\" > \"${SCRIPT_OUTPUT_FILE_0}\"\n";
			showEnvVarsInLog = 0;
		};
		A6FFDE4D6B122B33D0C2D6C7 /* [CP] Embed Pods Frameworks */ = {
			isa = PBXShellScriptBuildPhase;
			buildActionMask = 2147483647;
			files = (
			);
			inputFileListPaths = (
				"${PODS_ROOT}/Target Support Files/Pods-A1/Pods-A1-frameworks-${CONFIGURATION}-input-files.xcfilelist",
			);
			name = "[CP] Embed Pods Frameworks";
			outputFileListPaths = (
				"${PODS_ROOT}/Target Support Files/Pods-A1/Pods-A1-frameworks-${CONFIGURATION}-output-files.xcfilelist",
			);
			runOnlyForDeploymentPostprocessing = 0;
			shellPath = /bin/sh;
			shellScript = "\"${PODS_ROOT}/Target Support Files/Pods-A1/Pods-A1-frameworks.sh\"\n";
			showEnvVarsInLog = 0;
		};
/* End PBXShellScriptBuildPhase section */

/* Begin PBXSourcesBuildPhase section */
		B6A250A627C876FB00BBAF2B /* Sources */ = {
			isa = PBXSourcesBuildPhase;
			buildActionMask = 2147483647;
			files = (
				B6A250B227C876FB00BBAF2B /* MoviesViewController.swift in Sources */,
				B6A250AE27C876FB00BBAF2B /* AppDelegate.swift in Sources */,
				B6A250DE27C881F600BBAF2B /* MovieCell.swift in Sources */,
				B6A250B027C876FB00BBAF2B /* SceneDelegate.swift in Sources */,
			);
			runOnlyForDeploymentPostprocessing = 0;
		};
		B6A250BC27C876FE00BBAF2B /* Sources */ = {
			isa = PBXSourcesBuildPhase;
			buildActionMask = 2147483647;
			files = (
				B6A250C527C876FE00BBAF2B /* A1Tests.swift in Sources */,
			);
			runOnlyForDeploymentPostprocessing = 0;
		};
		B6A250C627C876FE00BBAF2B /* Sources */ = {
			isa = PBXSourcesBuildPhase;
			buildActionMask = 2147483647;
			files = (
				B6A250D127C876FE00BBAF2B /* A1UITestsLaunchTests.swift in Sources */,
				B6A250CF27C876FE00BBAF2B /* A1UITests.swift in Sources */,
			);
			runOnlyForDeploymentPostprocessing = 0;
		};
/* End PBXSourcesBuildPhase section */

/* Begin PBXTargetDependency section */
		B6A250C227C876FE00BBAF2B /* PBXTargetDependency */ = {
			isa = PBXTargetDependency;
			target = B6A250A927C876FB00BBAF2B /* A1 */;
			targetProxy = B6A250C127C876FE00BBAF2B /* PBXContainerItemProxy */;
		};
		B6A250CC27C876FE00BBAF2B /* PBXTargetDependency */ = {
			isa = PBXTargetDependency;
			target = B6A250A927C876FB00BBAF2B /* A1 */;
			targetProxy = B6A250CB27C876FE00BBAF2B /* PBXContainerItemProxy */;
		};
/* End PBXTargetDependency section */

/* Begin PBXVariantGroup section */
		B6A250B327C876FB00BBAF2B /* Main.storyboard */ = {
			isa = PBXVariantGroup;
			children = (
				B6A250B427C876FB00BBAF2B /* Base */,
			);
			name = Main.storyboard;
			sourceTree = "<group>";
		};
		B6A250B827C876FE00BBAF2B /* LaunchScreen.storyboard */ = {
			isa = PBXVariantGroup;
			children = (
				B6A250B927C876FE00BBAF2B /* Base */,
			);
			name = LaunchScreen.storyboard;
			sourceTree = "<group>";
		};
/* End PBXVariantGroup section */

/* Begin XCBuildConfiguration section */
		B6A250D227C876FE00BBAF2B /* Debug */ = {
			isa = XCBuildConfiguration;
			buildSettings = {
				ALWAYS_SEARCH_USER_PATHS = NO;
				CLANG_ANALYZER_NONNULL = YES;
				CLANG_ANALYZER_NUMBER_OBJECT_CONVERSION = YES_AGGRESSIVE;
				CLANG_CXX_LANGUAGE_STANDARD = "gnu++17";
				CLANG_CXX_LIBRARY = "libc++";
				CLANG_ENABLE_MODULES = YES;
				CLANG_ENABLE_OBJC_ARC = YES;
				CLANG_ENABLE_OBJC_WEAK = YES;
				CLANG_WARN_BLOCK_CAPTURE_AUTORELEASING = YES;
				CLANG_WARN_BOOL_CONVERSION = YES;
				CLANG_WARN_COMMA = YES;
				CLANG_WARN_CONSTANT_CONVERSION = YES;
				CLANG_WARN_DEPRECATED_OBJC_IMPLEMENTATIONS = YES;
				CLANG_WARN_DIRECT_OBJC_ISA_USAGE = YES_ERROR;
				CLANG_WARN_DOCUMENTATION_COMMENTS = YES;
				CLANG_WARN_EMPTY_BODY = YES;
				CLANG_WARN_ENUM_CONVERSION = YES;
				CLANG_WARN_INFINITE_RECURSION = YES;
				CLANG_WARN_INT_CONVERSION = YES;
				CLANG_WARN_NON_LITERAL_NULL_CONVERSION = YES;
				CLANG_WARN_OBJC_IMPLICIT_RETAIN_SELF = YES;
				CLANG_WARN_OBJC_LITERAL_CONVERSION = YES;
				CLANG_WARN_OBJC_ROOT_CLASS = YES_ERROR;
				CLANG_WARN_QUOTED_INCLUDE_IN_FRAMEWORK_HEADER = YES;
				CLANG_WARN_RANGE_LOOP_ANALYSIS = YES;
				CLANG_WARN_STRICT_PROTOTYPES = YES;
				CLANG_WARN_SUSPICIOUS_MOVE = YES;
				CLANG_WARN_UNGUARDED_AVAILABILITY = YES_AGGRESSIVE;
				CLANG_WARN_UNREACHABLE_CODE = YES;
				CLANG_WARN__DUPLICATE_METHOD_MATCH = YES;
				COPY_PHASE_STRIP = NO;
				DEBUG_INFORMATION_FORMAT = dwarf;
				ENABLE_STRICT_OBJC_MSGSEND = YES;
				ENABLE_TESTABILITY = YES;
				GCC_C_LANGUAGE_STANDARD = gnu11;
				GCC_DYNAMIC_NO_PIC = NO;
				GCC_NO_COMMON_BLOCKS = YES;
				GCC_OPTIMIZATION_LEVEL = 0;
				GCC_PREPROCESSOR_DEFINITIONS = (
					"DEBUG=1",
					"$(inherited)",
				);
				GCC_WARN_64_TO_32_BIT_CONVERSION = YES;
				GCC_WARN_ABOUT_RETURN_TYPE = YES_ERROR;
				GCC_WARN_UNDECLARED_SELECTOR = YES;
				GCC_WARN_UNINITIALIZED_AUTOS = YES_AGGRESSIVE;
				GCC_WARN_UNUSED_FUNCTION = YES;
				GCC_WARN_UNUSED_VARIABLE = YES;
				IPHONEOS_DEPLOYMENT_TARGET = 15.2;
				MTL_ENABLE_DEBUG_INFO = INCLUDE_SOURCE;
				MTL_FAST_MATH = YES;
				ONLY_ACTIVE_ARCH = YES;
				SDKROOT = iphoneos;
				SWIFT_ACTIVE_COMPILATION_CONDITIONS = DEBUG;
				SWIFT_OPTIMIZATION_LEVEL = "-Onone";
			};
			name = Debug;
		};
		B6A250D327C876FE00BBAF2B /* Release */ = {
			isa = XCBuildConfiguration;
			buildSettings = {
				ALWAYS_SEARCH_USER_PATHS = NO;
				CLANG_ANALYZER_NONNULL = YES;
				CLANG_ANALYZER_NUMBER_OBJECT_CONVERSION = YES_AGGRESSIVE;
				CLANG_CXX_LANGUAGE_STANDARD = "gnu++17";
				CLANG_CXX_LIBRARY = "libc++";
				CLANG_ENABLE_MODULES = YES;
				CLANG_ENABLE_OBJC_ARC = YES;
				CLANG_ENABLE_OBJC_WEAK = YES;
				CLANG_WARN_BLOCK_CAPTURE_AUTORELEASING = YES;
				CLANG_WARN_BOOL_CONVERSION = YES;
				CLANG_WARN_COMMA = YES;
				CLANG_WARN_CONSTANT_CONVERSION = YES;
				CLANG_WARN_DEPRECATED_OBJC_IMPLEMENTATIONS = YES;
				CLANG_WARN_DIRECT_OBJC_ISA_USAGE = YES_ERROR;
				CLANG_WARN_DOCUMENTATION_COMMENTS = YES;
				CLANG_WARN_EMPTY_BODY = YES;
				CLANG_WARN_ENUM_CONVERSION = YES;
				CLANG_WARN_INFINITE_RECURSION = YES;
				CLANG_WARN_INT_CONVERSION = YES;
				CLANG_WARN_NON_LITERAL_NULL_CONVERSION = YES;
				CLANG_WARN_OBJC_IMPLICIT_RETAIN_SELF = YES;
				CLANG_WARN_OBJC_LITERAL_CONVERSION = YES;
				CLANG_WARN_OBJC_ROOT_CLASS = YES_ERROR;
				CLANG_WARN_QUOTED_INCLUDE_IN_FRAMEWORK_HEADER = YES;
				CLANG_WARN_RANGE_LOOP_ANALYSIS = YES;
				CLANG_WARN_STRICT_PROTOTYPES = YES;
				CLANG_WARN_SUSPICIOUS_MOVE = YES;
				CLANG_WARN_UNGUARDED_AVAILABILITY = YES_AGGRESSIVE;
				CLANG_WARN_UNREACHABLE_CODE = YES;
				CLANG_WARN__DUPLICATE_METHOD_MATCH = YES;
				COPY_PHASE_STRIP = NO;
				DEBUG_INFORMATION_FORMAT = "dwarf-with-dsym";
				ENABLE_NS_ASSERTIONS = NO;
				ENABLE_STRICT_OBJC_MSGSEND = YES;
				GCC_C_LANGUAGE_STANDARD = gnu11;
				GCC_NO_COMMON_BLOCKS = YES;
				GCC_WARN_64_TO_32_BIT_CONVERSION = YES;
				GCC_WARN_ABOUT_RETURN_TYPE = YES_ERROR;
				GCC_WARN_UNDECLARED_SELECTOR = YES;
				GCC_WARN_UNINITIALIZED_AUTOS = YES_AGGRESSIVE;
				GCC_WARN_UNUSED_FUNCTION = YES;
				GCC_WARN_UNUSED_VARIABLE = YES;
				IPHONEOS_DEPLOYMENT_TARGET = 15.2;
				MTL_ENABLE_DEBUG_INFO = NO;
				MTL_FAST_MATH = YES;
				SDKROOT = iphoneos;
				SWIFT_COMPILATION_MODE = wholemodule;
				SWIFT_OPTIMIZATION_LEVEL = "-O";
				VALIDATE_PRODUCT = YES;
			};
			name = Release;
		};
		B6A250D527C876FE00BBAF2B /* Debug */ = {
			isa = XCBuildConfiguration;
			baseConfigurationReference = A3935C73F9234862891BF1B6 /* Pods-A1.debug.xcconfig */;
			buildSettings = {
				ASSETCATALOG_COMPILER_APPICON_NAME = AppIcon;
				ASSETCATALOG_COMPILER_GLOBAL_ACCENT_COLOR_NAME = AccentColor;
				CODE_SIGN_STYLE = Automatic;
				CURRENT_PROJECT_VERSION = 1;
				DEVELOPMENT_TEAM = CM7NDS7Z4N;
				GENERATE_INFOPLIST_FILE = YES;
				INFOPLIST_FILE = A1/Info.plist;
				INFOPLIST_KEY_UIApplicationSupportsIndirectInputEvents = YES;
				INFOPLIST_KEY_UILaunchStoryboardName = LaunchScreen;
				INFOPLIST_KEY_UIMainStoryboardFile = Main;
				INFOPLIST_KEY_UISupportedInterfaceOrientations_iPad = "UIInterfaceOrientationPortrait UIInterfaceOrientationPortraitUpsideDown UIInterfaceOrientationLandscapeLeft UIInterfaceOrientationLandscapeRight";
				INFOPLIST_KEY_UISupportedInterfaceOrientations_iPhone = "UIInterfaceOrientationPortrait UIInterfaceOrientationLandscapeLeft UIInterfaceOrientationLandscapeRight";
				LD_RUNPATH_SEARCH_PATHS = (
					"$(inherited)",
					"@executable_path/Frameworks",
				);
				MARKETING_VERSION = 1.0;
				PRODUCT_BUNDLE_IDENTIFIER = com.yl.A1;
				PRODUCT_NAME = "$(TARGET_NAME)";
				SWIFT_EMIT_LOC_STRINGS = YES;
				SWIFT_VERSION = 5.0;
				TARGETED_DEVICE_FAMILY = "1,2";
			};
			name = Debug;
		};
		B6A250D627C876FE00BBAF2B /* Release */ = {
			isa = XCBuildConfiguration;
			baseConfigurationReference = DF269F43CE5EB32256F3F17D /* Pods-A1.release.xcconfig */;
			buildSettings = {
				ASSETCATALOG_COMPILER_APPICON_NAME = AppIcon;
				ASSETCATALOG_COMPILER_GLOBAL_ACCENT_COLOR_NAME = AccentColor;
				CODE_SIGN_STYLE = Automatic;
				CURRENT_PROJECT_VERSION = 1;
				DEVELOPMENT_TEAM = CM7NDS7Z4N;
				GENERATE_INFOPLIST_FILE = YES;
				INFOPLIST_FILE = A1/Info.plist;
				INFOPLIST_KEY_UIApplicationSupportsIndirectInputEvents = YES;
				INFOPLIST_KEY_UILaunchStoryboardName = LaunchScreen;
				INFOPLIST_KEY_UIMainStoryboardFile = Main;
				INFOPLIST_KEY_UISupportedInterfaceOrientations_iPad = "UIInterfaceOrientationPortrait UIInterfaceOrientationPortraitUpsideDown UIInterfaceOrientationLandscapeLeft UIInterfaceOrientationLandscapeRight";
				INFOPLIST_KEY_UISupportedInterfaceOrientations_iPhone = "UIInterfaceOrientationPortrait UIInterfaceOrientationLandscapeLeft UIInterfaceOrientationLandscapeRight";
				LD_RUNPATH_SEARCH_PATHS = (
					"$(inherited)",
					"@executable_path/Frameworks",
				);
				MARKETING_VERSION = 1.0;
				PRODUCT_BUNDLE_IDENTIFIER = com.yl.A1;
				PRODUCT_NAME = "$(TARGET_NAME)";
				SWIFT_EMIT_LOC_STRINGS = YES;
				SWIFT_VERSION = 5.0;
				TARGETED_DEVICE_FAMILY = "1,2";
			};
			name = Release;
		};
		B6A250D827C876FE00BBAF2B /* Debug */ = {
			isa = XCBuildConfiguration;
			baseConfigurationReference = 3DE1E25D6FAED70C738D4CE9 /* Pods-A1Tests.debug.xcconfig */;
			buildSettings = {
				ALWAYS_EMBED_SWIFT_STANDARD_LIBRARIES = YES;
				BUNDLE_LOADER = "$(TEST_HOST)";
				CODE_SIGN_STYLE = Automatic;
				CURRENT_PROJECT_VERSION = 1;
				DEVELOPMENT_TEAM = CM7NDS7Z4N;
				GENERATE_INFOPLIST_FILE = YES;
				IPHONEOS_DEPLOYMENT_TARGET = 15.2;
				MARKETING_VERSION = 1.0;
				PRODUCT_BUNDLE_IDENTIFIER = com.yl.A1Tests;
				PRODUCT_NAME = "$(TARGET_NAME)";
				SWIFT_EMIT_LOC_STRINGS = NO;
				SWIFT_VERSION = 5.0;
				TARGETED_DEVICE_FAMILY = "1,2";
				TEST_HOST = "$(BUILT_PRODUCTS_DIR)/A1.app/A1";
			};
			name = Debug;
		};
		B6A250D927C876FE00BBAF2B /* Release */ = {
			isa = XCBuildConfiguration;
			baseConfigurationReference = 3CC478B4ADE7E15DF394B8C7 /* Pods-A1Tests.release.xcconfig */;
			buildSettings = {
				ALWAYS_EMBED_SWIFT_STANDARD_LIBRARIES = YES;
				BUNDLE_LOADER = "$(TEST_HOST)";
				CODE_SIGN_STYLE = Automatic;
				CURRENT_PROJECT_VERSION = 1;
				DEVELOPMENT_TEAM = CM7NDS7Z4N;
				GENERATE_INFOPLIST_FILE = YES;
				IPHONEOS_DEPLOYMENT_TARGET = 15.2;
				MARKETING_VERSION = 1.0;
				PRODUCT_BUNDLE_IDENTIFIER = com.yl.A1Tests;
				PRODUCT_NAME = "$(TARGET_NAME)";
				SWIFT_EMIT_LOC_STRINGS = NO;
				SWIFT_VERSION = 5.0;
				TARGETED_DEVICE_FAMILY = "1,2";
				TEST_HOST = "$(BUILT_PRODUCTS_DIR)/A1.app/A1";
			};
			name = Release;
		};
		B6A250DB27C876FE00BBAF2B /* Debug */ = {
			isa = XCBuildConfiguration;
			baseConfigurationReference = 40E85A1F39A680AF5187BD5D /* Pods-A1-A1UITests.debug.xcconfig */;
			buildSettings = {
				ALWAYS_EMBED_SWIFT_STANDARD_LIBRARIES = YES;
				CODE_SIGN_STYLE = Automatic;
				CURRENT_PROJECT_VERSION = 1;
				DEVELOPMENT_TEAM = CM7NDS7Z4N;
				GENERATE_INFOPLIST_FILE = YES;
				MARKETING_VERSION = 1.0;
				PRODUCT_BUNDLE_IDENTIFIER = com.yl.A1UITests;
				PRODUCT_NAME = "$(TARGET_NAME)";
				SWIFT_EMIT_LOC_STRINGS = NO;
				SWIFT_VERSION = 5.0;
				TARGETED_DEVICE_FAMILY = "1,2";
				TEST_TARGET_NAME = A1;
			};
			name = Debug;
		};
		B6A250DC27C876FE00BBAF2B /* Release */ = {
			isa = XCBuildConfiguration;
			baseConfigurationReference = FE3118B87DE01FC7202D6E01 /* Pods-A1-A1UITests.release.xcconfig */;
			buildSettings = {
				ALWAYS_EMBED_SWIFT_STANDARD_LIBRARIES = YES;
				CODE_SIGN_STYLE = Automatic;
				CURRENT_PROJECT_VERSION = 1;
				DEVELOPMENT_TEAM = CM7NDS7Z4N;
				GENERATE_INFOPLIST_FILE = YES;
				MARKETING_VERSION = 1.0;
				PRODUCT_BUNDLE_IDENTIFIER = com.yl.A1UITests;
				PRODUCT_NAME = "$(TARGET_NAME)";
				SWIFT_EMIT_LOC_STRINGS = NO;
				SWIFT_VERSION = 5.0;
				TARGETED_DEVICE_FAMILY = "1,2";
				TEST_TARGET_NAME = A1;
			};
			name = Release;
		};
/* End XCBuildConfiguration section */

/* Begin XCConfigurationList section */
		B6A250A527C876FB00BBAF2B /* Build configuration list for PBXProject "A1" */ = {
			isa = XCConfigurationList;
			buildConfigurations = (
				B6A250D227C876FE00BBAF2B /* Debug */,
				B6A250D327C876FE00BBAF2B /* Release */,
			);
			defaultConfigurationIsVisible = 0;
			defaultConfigurationName = Release;
		};
		B6A250D427C876FE00BBAF2B /* Build configuration list for PBXNativeTarget "A1" */ = {
			isa = XCConfigurationList;
			buildConfigurations = (
				B6A250D527C876FE00BBAF2B /* Debug */,
				B6A250D627C876FE00BBAF2B /* Release */,
			);
			defaultConfigurationIsVisible = 0;
			defaultConfigurationName = Release;
		};
		B6A250D727C876FE00BBAF2B /* Build configuration list for PBXNativeTarget "A1Tests" */ = {
			isa = XCConfigurationList;
			buildConfigurations = (
				B6A250D827C876FE00BBAF2B /* Debug */,
				B6A250D927C876FE00BBAF2B /* Release */,
			);
			defaultConfigurationIsVisible = 0;
			defaultConfigurationName = Release;
		};
		B6A250DA27C876FE00BBAF2B /* Build configuration list for PBXNativeTarget "A1UITests" */ = {
			isa = XCConfigurationList;
			buildConfigurations = (
				B6A250DB27C876FE00BBAF2B /* Debug */,
				B6A250DC27C876FE00BBAF2B /* Release */,
			);
			defaultConfigurationIsVisible = 0;
			defaultConfigurationName = Release;
		};
/* End XCConfigurationList section */
	};
	rootObject = B6A250A227C876FB00BBAF2B /* Project object */;
}
